// !$*UTF8*$!
{
	archiveVersion = 1;
	classes = {
	};
	objectVersion = 46;
	objects = {

/* Begin PBXBuildFile section */
		9DFAAE901BEFD61D000DE27A /* AppDelegate.swift in Sources */ = {isa = PBXBuildFile; fileRef = 9DFAAE8F1BEFD61D000DE27A /* AppDelegate.swift */; };
		9DFAAE921BEFD61D000DE27A /* ViewController.swift in Sources */ = {isa = PBXBuildFile; fileRef = 9DFAAE911BEFD61D000DE27A /* ViewController.swift */; };
		9DFAAE951BEFD61D000DE27A /* Main.storyboard in Resources */ = {isa = PBXBuildFile; fileRef = 9DFAAE931BEFD61D000DE27A /* Main.storyboard */; };
		9DFAAE971BEFD61D000DE27A /* Assets.xcassets in Resources */ = {isa = PBXBuildFile; fileRef = 9DFAAE961BEFD61D000DE27A /* Assets.xcassets */; };
		9DFAAE9A1BEFD61D000DE27A /* LaunchScreen.storyboard in Resources */ = {isa = PBXBuildFile; fileRef = 9DFAAE981BEFD61D000DE27A /* LaunchScreen.storyboard */; };
		9DFAAEA51BEFD61D000DE27A /* FoodTrackerTests.swift in Sources */ = {isa = PBXBuildFile; fileRef = 9DFAAEA41BEFD61D000DE27A /* FoodTrackerTests.swift */; };
/* End PBXBuildFile section */

/* Begin PBXContainerItemProxy section */
		9DFAAEA11BEFD61D000DE27A /* PBXContainerItemProxy */ = {
			isa = PBXContainerItemProxy;
			containerPortal = 9DFAAE841BEFD61D000DE27A /* Project object */;
			proxyType = 1;
			remoteGlobalIDString = 9DFAAE8B1BEFD61D000DE27A;
			remoteInfo = FoodTracker;
		};
/* End PBXContainerItemProxy section */

/* Begin PBXFileReference section */
		9DFAAE8C1BEFD61D000DE27A /* FoodTracker.app */ = {isa = PBXFileReference; explicitFileType = wrapper.application; includeInIndex = 0; path = FoodTracker.app; sourceTree = BUILT_PRODUCTS_DIR; };
		9DFAAE8F1BEFD61D000DE27A /* AppDelegate.swift */ = {isa = PBXFileReference; lastKnownFileType = sourcecode.swift; path = AppDelegate.swift; sourceTree = "<group>"; };
		9DFAAE911BEFD61D000DE27A /* ViewController.swift */ = {isa = PBXFileReference; lastKnownFileType = sourcecode.swift; path = ViewController.swift; sourceTree = "<group>"; };
		9DFAAE941BEFD61D000DE27A /* Base */ = {isa = PBXFileReference; lastKnownFileType = file.storyboard; name = Base; path = Base.lproj/Main.storyboard; sourceTree = "<group>"; };
		9DFAAE961BEFD61D000DE27A /* Assets.xcassets */ = {isa = PBXFileReference; lastKnownFileType = folder.assetcatalog; path = Assets.xcassets; sourceTree = "<group>"; };
		9DFAAE991BEFD61D000DE27A /* Base */ = {isa = PBXFileReference; lastKnownFileType = file.storyboard; name = Base; path = Base.lproj/LaunchScreen.storyboard; sourceTree = "<group>"; };
		9DFAAE9B1BEFD61D000DE27A /* Info.plist */ = {isa = PBXFileReference; lastKnownFileType = text.plist.xml; path = Info.plist; sourceTree = "<group>"; };
		9DFAAEA01BEFD61D000DE27A /* FoodTrackerTests.xctest */ = {isa = PBXFileReference; explicitFileType = wrapper.cfbundle; includeInIndex = 0; path = FoodTrackerTests.xctest; sourceTree = BUILT_PRODUCTS_DIR; };
		9DFAAEA41BEFD61D000DE27A /* FoodTrackerTests.swift */ = {isa = PBXFileReference; lastKnownFileType = sourcecode.swift; path = FoodTrackerTests.swift; sourceTree = "<group>"; };
		9DFAAEA61BEFD61D000DE27A /* Info.plist */ = {isa = PBXFileReference; lastKnownFileType = text.plist.xml; path = Info.plist; sourceTree = "<group>"; };
/* End PBXFileReference section */

/* Begin PBXFrameworksBuildPhase section */
		9DFAAE891BEFD61D000DE27A /* Frameworks */ = {
			isa = PBXFrameworksBuildPhase;
			buildActionMask = 2147483647;
			files = (
			);
			runOnlyForDeploymentPostprocessing = 0;
		};
		9DFAAE9D1BEFD61D000DE27A /* Frameworks */ = {
			isa = PBXFrameworksBuildPhase;
			buildActionMask = 2147483647;
			files = (
			);
			runOnlyForDeploymentPostprocessing = 0;
		};
/* End PBXFrameworksBuildPhase section */

/* Begin PBXGroup section */
		9DFAAE831BEFD61D000DE27A = {
			isa = PBXGroup;
			children = (
				9DFAAE8E1BEFD61D000DE27A /* FoodTracker */,
				9DFAAEA31BEFD61D000DE27A /* FoodTrackerTests */,
				9DFAAE8D1BEFD61D000DE27A /* Products */,
			);
			sourceTree = "<group>";
		};
		9DFAAE8D1BEFD61D000DE27A /* Products */ = {
			isa = PBXGroup;
			children = (
				9DFAAE8C1BEFD61D000DE27A /* FoodTracker.app */,
				9DFAAEA01BEFD61D000DE27A /* FoodTrackerTests.xctest */,
			);
			name = Products;
			sourceTree = "<group>";
		};
		9DFAAE8E1BEFD61D000DE27A /* FoodTracker */ = {
			isa = PBXGroup;
			children = (
				9DFAAE8F1BEFD61D000DE27A /* AppDelegate.swift */,
				9DFAAE911BEFD61D000DE27A /* ViewController.swift */,
				9DFAAE931BEFD61D000DE27A /* Main.storyboard */,
				9DFAAE961BEFD61D000DE27A /* Assets.xcassets */,
				9DFAAE981BEFD61D000DE27A /* LaunchScreen.storyboard */,
				9DFAAE9B1BEFD61D000DE27A /* Info.plist */,
			);
			path = FoodTracker;
			sourceTree = "<group>";
		};
		9DFAAEA31BEFD61D000DE27A /* FoodTrackerTests */ = {
			isa = PBXGroup;
			children = (
				9DFAAEA41BEFD61D000DE27A /* FoodTrackerTests.swift */,
				9DFAAEA61BEFD61D000DE27A /* Info.plist */,
			);
			path = FoodTrackerTests;
			sourceTree = "<group>";
		};
/* End PBXGroup section */

/* Begin PBXNativeTarget section */
		9DFAAE8B1BEFD61D000DE27A /* FoodTracker */ = {
			isa = PBXNativeTarget;
			buildConfigurationList = 9DFAAEA91BEFD61D000DE27A /* Build configuration list for PBXNativeTarget "FoodTracker" */;
			buildPhases = (
				9DFAAE881BEFD61D000DE27A /* Sources */,
				9DFAAE891BEFD61D000DE27A /* Frameworks */,
				9DFAAE8A1BEFD61D000DE27A /* Resources */,
			);
			buildRules = (
			);
			dependencies = (
			);
			name = FoodTracker;
			productName = FoodTracker;
			productReference = 9DFAAE8C1BEFD61D000DE27A /* FoodTracker.app */;
			productType = "com.apple.product-type.application";
		};
		9DFAAE9F1BEFD61D000DE27A /* FoodTrackerTests */ = {
			isa = PBXNativeTarget;
			buildConfigurationList = 9DFAAEAC1BEFD61D000DE27A /* Build configuration list for PBXNativeTarget "FoodTrackerTests" */;
			buildPhases = (
				9DFAAE9C1BEFD61D000DE27A /* Sources */,
				9DFAAE9D1BEFD61D000DE27A /* Frameworks */,
				9DFAAE9E1BEFD61D000DE27A /* Resources */,
			);
			buildRules = (
			);
			dependencies = (
				9DFAAEA21BEFD61D000DE27A /* PBXTargetDependency */,
			);
			name = FoodTrackerTests;
			productName = FoodTrackerTests;
			productReference = 9DFAAEA01BEFD61D000DE27A /* FoodTrackerTests.xctest */;
			productType = "com.apple.product-type.bundle.unit-test";
		};
/* End PBXNativeTarget section */

/* Begin PBXProject section */
		9DFAAE841BEFD61D000DE27A /* Project object */ = {
			isa = PBXProject;
			attributes = {
				LastSwiftUpdateCheck = 0710;
				LastUpgradeCheck = 0710;
				ORGANIZATIONNAME = "Perttu Ristimella";
				TargetAttributes = {
					9DFAAE8B1BEFD61D000DE27A = {
						CreatedOnToolsVersion = 7.1;
					};
					9DFAAE9F1BEFD61D000DE27A = {
						CreatedOnToolsVersion = 7.1;
						TestTargetID = 9DFAAE8B1BEFD61D000DE27A;
					};
				};
			};
			buildConfigurationList = 9DFAAE871BEFD61D000DE27A /* Build configuration list for PBXProject "FoodTracker" */;
			compatibilityVersion = "Xcode 3.2";
			developmentRegion = English;
			hasScannedForEncodings = 0;
			knownRegions = (
				en,
				Base,
			);
			mainGroup = 9DFAAE831BEFD61D000DE27A;
			productRefGroup = 9DFAAE8D1BEFD61D000DE27A /* Products */;
			projectDirPath = "";
			projectRoot = "";
			targets = (
				9DFAAE8B1BEFD61D000DE27A /* FoodTracker */,
				9DFAAE9F1BEFD61D000DE27A /* FoodTrackerTests */,
			);
		};
/* End PBXProject section */

/* Begin PBXResourcesBuildPhase section */
		9DFAAE8A1BEFD61D000DE27A /* Resources */ = {
			isa = PBXResourcesBuildPhase;
			buildActionMask = 2147483647;
			files = (
				9DFAAE9A1BEFD61D000DE27A /* LaunchScreen.storyboard in Resources */,
				9DFAAE971BEFD61D000DE27A /* Assets.xcassets in Resources */,
				9DFAAE951BEFD61D000DE27A /* Main.storyboard in Resources */,
			);
			runOnlyForDeploymentPostprocessing = 0;
		};
		9DFAAE9E1BEFD61D000DE27A /* Resources */ = {
			isa = PBXResourcesBuildPhase;
			buildActionMask = 2147483647;
			files = (
			);
			runOnlyForDeploymentPostprocessing = 0;
		};
/* End PBXResourcesBuildPhase section */

/* Begin PBXSourcesBuildPhase section */
		9DFAAE881BEFD61D000DE27A /* Sources */ = {
			isa = PBXSourcesBuildPhase;
			buildActionMask = 2147483647;
			files = (
				9DFAAE921BEFD61D000DE27A /* ViewController.swift in Sources */,
				9DFAAE901BEFD61D000DE27A /* AppDelegate.swift in Sources */,
			);
			runOnlyForDeploymentPostprocessing = 0;
		};
		9DFAAE9C1BEFD61D000DE27A /* Sources */ = {
			isa = PBXSourcesBuildPhase;
			buildActionMask = 2147483647;
			files = (
				9DFAAEA51BEFD61D000DE27A /* FoodTrackerTests.swift in Sources */,
			);
			runOnlyForDeploymentPostprocessing = 0;
		};
/* End PBXSourcesBuildPhase section */

/* Begin PBXTargetDependency section */
		9DFAAEA21BEFD61D000DE27A /* PBXTargetDependency */ = {
			isa = PBXTargetDependency;
			target = 9DFAAE8B1BEFD61D000DE27A /* FoodTracker */;
			targetProxy = 9DFAAEA11BEFD61D000DE27A /* PBXContainerItemProxy */;
		};
/* End PBXTargetDependency section */

/* Begin PBXVariantGroup section */
		9DFAAE931BEFD61D000DE27A /* Main.storyboard */ = {
			isa = PBXVariantGroup;
			children = (
				9DFAAE941BEFD61D000DE27A /* Base */,
			);
			name = Main.storyboard;
			sourceTree = "<group>";
		};
		9DFAAE981BEFD61D000DE27A /* LaunchScreen.storyboard */ = {
			isa = PBXVariantGroup;
			children = (
				9DFAAE991BEFD61D000DE27A /* Base */,
			);
			name = LaunchScreen.storyboard;
			sourceTree = "<group>";
		};
/* End PBXVariantGroup section */

/* Begin XCBuildConfiguration section */
		9DFAAEA71BEFD61D000DE27A /* Debug */ = {
			isa = XCBuildConfiguration;
			buildSettings = {
				ALWAYS_SEARCH_USER_PATHS = NO;
				CLANG_CXX_LANGUAGE_STANDARD = "gnu++0x";
				CLANG_CXX_LIBRARY = "libc++";
				CLANG_ENABLE_MODULES = YES;
				CLANG_ENABLE_OBJC_ARC = YES;
				CLANG_WARN_BOOL_CONVERSION = YES;
				CLANG_WARN_CONSTANT_CONVERSION = YES;
				CLANG_WARN_DIRECT_OBJC_ISA_USAGE = YES_ERROR;
				CLANG_WARN_EMPTY_BODY = YES;
				CLANG_WARN_ENUM_CONVERSION = YES;
				CLANG_WARN_INT_CONVERSION = YES;
				CLANG_WARN_OBJC_ROOT_CLASS = YES_ERROR;
				CLANG_WARN_UNREACHABLE_CODE = YES;
				CLANG_WARN__DUPLICATE_METHOD_MATCH = YES;
				"CODE_SIGN_IDENTITY[sdk=iphoneos*]" = "iPhone Developer";
				COPY_PHASE_STRIP = NO;
				DEBUG_INFORMATION_FORMAT = dwarf;
				ENABLE_STRICT_OBJC_MSGSEND = YES;
				ENABLE_TESTABILITY = YES;
				GCC_C_LANGUAGE_STANDARD = gnu99;
				GCC_DYNAMIC_NO_PIC = NO;
				GCC_NO_COMMON_BLOCKS = YES;
				GCC_OPTIMIZATION_LEVEL = 0;
				GCC_PREPROCESSOR_DEFINITIONS = (
					"DEBUG=1",
					"$(inherited)",
				);
				GCC_WARN_64_TO_32_BIT_CONVERSION = YES;
				GCC_WARN_ABOUT_RETURN_TYPE = YES_ERROR;
				GCC_WARN_UNDECLARED_SELECTOR = YES;
				GCC_WARN_UNINITIALIZED_AUTOS = YES_AGGRESSIVE;
				GCC_WARN_UNUSED_FUNCTION = YES;
				GCC_WARN_UNUSED_VARIABLE = YES;
				IPHONEOS_DEPLOYMENT_TARGET = 9.1;
				MTL_ENABLE_DEBUG_INFO = YES;
				ONLY_ACTIVE_ARCH = YES;
				SDKROOT = iphoneos;
				SWIFT_OPTIMIZATION_LEVEL = "-Onone";
				TARGETED_DEVICE_FAMILY = "1,2";
			};
			name = Debug;
		};
		9DFAAEA81BEFD61D000DE27A /* Release */ = {
			isa = XCBuildConfiguration;
			buildSettings = {
				ALWAYS_SEARCH_USER_PATHS = NO;
				CLANG_CXX_LANGUAGE_STANDARD = "gnu++0x";
				CLANG_CXX_LIBRARY = "libc++";
				CLANG_ENABLE_MODULES = YES;
				CLANG_ENABLE_OBJC_ARC = YES;
				CLANG_WARN_BOOL_CONVERSION = YES;
				CLANG_WARN_CONSTANT_CONVERSION = YES;
				CLANG_WARN_DIRECT_OBJC_ISA_USAGE = YES_ERROR;
				CLANG_WARN_EMPTY_BODY = YES;
				CLANG_WARN_ENUM_CONVERSION = YES;
				CLANG_WARN_INT_CONVERSION = YES;
				CLANG_WARN_OBJC_ROOT_CLASS = YES_ERROR;
				CLANG_WARN_UNREACHABLE_CODE = YES;
				CLANG_WARN__DUPLICATE_METHOD_MATCH = YES;
				"CODE_SIGN_IDENTITY[sdk=iphoneos*]" = "iPhone Developer";
				COPY_PHASE_STRIP = NO;
				DEBUG_INFORMATION_FORMAT = "dwarf-with-dsym";
				ENABLE_NS_ASSERTIONS = NO;
				ENABLE_STRICT_OBJC_MSGSEND = YES;
				GCC_C_LANGUAGE_STANDARD = gnu99;
				GCC_NO_COMMON_BLOCKS = YES;
				GCC_WARN_64_TO_32_BIT_CONVERSION = YES;
				GCC_WARN_ABOUT_RETURN_TYPE = YES_ERROR;
				GCC_WARN_UNDECLARED_SELECTOR = YES;
				GCC_WARN_UNINITIALIZED_AUTOS = YES_AGGRESSIVE;
				GCC_WARN_UNUSED_FUNCTION = YES;
				GCC_WARN_UNUSED_VARIABLE = YES;
				IPHONEOS_DEPLOYMENT_TARGET = 9.1;
				MTL_ENABLE_DEBUG_INFO = NO;
				SDKROOT = iphoneos;
				TARGETED_DEVICE_FAMILY = "1,2";
				VALIDATE_PRODUCT = YES;
			};
			name = Release;
		};
		9DFAAEAA1BEFD61D000DE27A /* Debug */ = {
			isa = XCBuildConfiguration;
			buildSettings = {
				ASSETCATALOG_COMPILER_APPICON_NAME = AppIcon;
				INFOPLIST_FILE = FoodTracker/Info.plist;
				LD_RUNPATH_SEARCH_PATHS = "$(inherited) @executable_path/Frameworks";
				PRODUCT_BUNDLE_IDENTIFIER = com.ristinolla.FoodTracker;
				PRODUCT_NAME = "$(TARGET_NAME)";
			};
			name = Debug;
		};
		9DFAAEAB1BEFD61D000DE27A /* Release */ = {
			isa = XCBuildConfiguration;
			buildSettings = {
				ASSETCATALOG_COMPILER_APPICON_NAME = AppIcon;
				INFOPLIST_FILE = FoodTracker/Info.plist;
				LD_RUNPATH_SEARCH_PATHS = "$(inherited) @executable_path/Frameworks";
				PRODUCT_BUNDLE_IDENTIFIER = com.ristinolla.FoodTracker;
				PRODUCT_NAME = "$(TARGET_NAME)";
			};
			name = Release;
		};
		9DFAAEAD1BEFD61D000DE27A /* Debug */ = {
			isa = XCBuildConfiguration;
			buildSettings = {
				BUNDLE_LOADER = "$(TEST_HOST)";
				INFOPLIST_FILE = FoodTrackerTests/Info.plist;
				LD_RUNPATH_SEARCH_PATHS = "$(inherited) @executable_path/Frameworks @loader_path/Frameworks";
				PRODUCT_BUNDLE_IDENTIFIER = com.ristinolla.FoodTrackerTests;
				PRODUCT_NAME = "$(TARGET_NAME)";
				TEST_HOST = "$(BUILT_PRODUCTS_DIR)/FoodTracker.app/FoodTracker";
			};
			name = Debug;
		};
		9DFAAEAE1BEFD61D000DE27A /* Release */ = {
			isa = XCBuildConfiguration;
			buildSettings = {
				BUNDLE_LOADER = "$(TEST_HOST)";
				INFOPLIST_FILE = FoodTrackerTests/Info.plist;
				LD_RUNPATH_SEARCH_PATHS = "$(inherited) @executable_path/Frameworks @loader_path/Frameworks";
				PRODUCT_BUNDLE_IDENTIFIER = com.ristinolla.FoodTrackerTests;
				PRODUCT_NAME = "$(TARGET_NAME)";
				TEST_HOST = "$(BUILT_PRODUCTS_DIR)/FoodTracker.app/FoodTracker";
			};
			name = Release;
		};
/* End XCBuildConfiguration section */

/* Begin XCConfigurationList section */
		9DFAAE871BEFD61D000DE27A /* Build configuration list for PBXProject "FoodTracker" */ = {
			isa = XCConfigurationList;
			buildConfigurations = (
				9DFAAEA71BEFD61D000DE27A /* Debug */,
				9DFAAEA81BEFD61D000DE27A /* Release */,
			);
			defaultConfigurationIsVisible = 0;
			defaultConfigurationName = Release;
		};
		9DFAAEA91BEFD61D000DE27A /* Build configuration list for PBXNativeTarget "FoodTracker" */ = {
			isa = XCConfigurationList;
			buildConfigurations = (
				9DFAAEAA1BEFD61D000DE27A /* Debug */,
				9DFAAEAB1BEFD61D000DE27A /* Release */,
			);
			defaultConfigurationIsVisible = 0;
		};
		9DFAAEAC1BEFD61D000DE27A /* Build configuration list for PBXNativeTarget "FoodTrackerTests" */ = {
			isa = XCConfigurationList;
			buildConfigurations = (
				9DFAAEAD1BEFD61D000DE27A /* Debug */,
				9DFAAEAE1BEFD61D000DE27A /* Release */,
			);
			defaultConfigurationIsVisible = 0;
		};
/* End XCConfigurationList section */
	};
	rootObject = 9DFAAE841BEFD61D000DE27A /* Project object */;
}
